Microsoft Visual Studio Solution File, Format Version 11.00
# Visual Studio 2008

Project("{0EBCE0E9-16AB-9986-8FB3-3889848A5213}") = "Corbetta", "Assembly-CSharp.csproj", "{479A5DD0-4FEF-5233-9BD1-7235CB1014C0}"
EndProject
Global
	GlobalSection(SolutionConfigurationPlatforms) = preSolution
		Debug|Any CPU = Debug|Any CPU
		Release|Any CPU = Release|Any CPU
	EndGlobalSection
	GlobalSection(ProjectConfigurationPlatforms) = postSolution
		{479A5DD0-4FEF-5233-9BD1-7235CB1014C0}.Debug|Any CPU.ActiveCfg = Debug|Any CPU
		{479A5DD0-4FEF-5233-9BD1-7235CB1014C0}.Debug|Any CPU.Build.0 = Debug|Any CPU
		{479A5DD0-4FEF-5233-9BD1-7235CB1014C0}.Release|Any CPU.ActiveCfg = Release|Any CPU
		{479A5DD0-4FEF-5233-9BD1-7235CB1014C0}.Release|Any CPU.Build.0 = Release|Any CPU
	EndGlobalSection
	GlobalSection(SolutionProperties) = preSolution
		HideSolutionNode = FALSE
	EndGlobalSection
														GlobalSection(MonoDevelopProperties) = preSolution
		StartupItem = Assembly-CSharp.csproj
	EndGlobalSection

EndGlobal
